{
	"name": "cotest",
	"version": "2.1.1",
	"lockfileVersion": 1,
	"requires": true,
	"dependencies": {
		"@types/node": {
			"version": "8.0.25",
			"resolved": "https://registry.npmjs.org/@types/node/-/node-8.0.25.tgz",
			"integrity": "sha512-zT+t9841g1HsjLtPMCYxmb1U4pcZ2TOegAKiomlmj6bIziuaEYHUavxLE9NRwdntY0vOCrgHho6OXjDX7fm/Kw==",
			"dev": true
		},
		"assert-op": {
			"version": "0.1.0",
			"resolved": "https://registry.npmjs.org/assert-op/-/assert-op-0.1.0.tgz",
			"integrity": "sha512-DMs/IC/+BJhMZptglQgcDjMhOza7ChewjanOpDsLqBakAsrZchBzDl1myWZnOFl38Rv8KvW+ex9Kb+Fr7BdtDA=="
		}
	}
}
